
Microsoft Visual Studio Solution File, Format Version 12.00
# Visual Studio 15
VisualStudioVersion = 15.0.27703.2042
MinimumVisualStudioVersion = 10.0.40219.1
Project("{8BC9CEB8-8B4A-11D0-8D11-00A0C91BC942}") = "Week12", "Week12\Week12.vcxproj", "{CE2FAFCD-9863-4FB0-95F2-F44F982B3117}"
EndProject
Project("{8BC9CEB8-8B4A-11D0-8D11-00A0C91BC942}") = "ListStackQueue", "ListStackQueue\ListStackQueue.vcxproj", "{D77D1848-9EF4-418E-AF32-300F8EB2B5A4}"
EndProject
Project("{8BC9CEB8-8B4A-11D0-8D11-00A0C91BC942}") = "Exceptions", "Exceptions\Exceptions.vcxproj", "{26FD417B-A9B4-49C9-B9C7-E9243728B6F9}"
EndProject
Project("{8BC9CEB8-8B4A-11D0-8D11-00A0C91BC942}") = "UsingNamespaces", "UsingNamespaces\UsingNamespaces.vcxproj", "{FD99BE78-0469-4E77-BCA0-85BA8CEFC884}"
EndProject
Project("{8BC9CEB8-8B4A-11D0-8D11-00A0C91BC942}") = "ConstCast", "ConstCast\ConstCast.vcxproj", "{F0F34FC7-1A2D-4F04-B07F-901106E7A27F}"
EndProject
Project("{8BC9CEB8-8B4A-11D0-8D11-00A0C91BC942}") = "EvalMath", "EvalMath\EvalMath.vcxproj", "{6DAD8CA2-76FE-42F7-BE8E-DA6C1E4EBCD3}"
EndProject
Global
	GlobalSection(SolutionConfigurationPlatforms) = preSolution
		Debug|x64 = Debug|x64
		Debug|x86 = Debug|x86
		Release|x64 = Release|x64
		Release|x86 = Release|x86
	EndGlobalSection
	GlobalSection(ProjectConfigurationPlatforms) = postSolution
		{CE2FAFCD-9863-4FB0-95F2-F44F982B3117}.Debug|x64.ActiveCfg = Debug|x64
		{CE2FAFCD-9863-4FB0-95F2-F44F982B3117}.Debug|x64.Build.0 = Debug|x64
		{CE2FAFCD-9863-4FB0-95F2-F44F982B3117}.Debug|x86.ActiveCfg = Debug|Win32
		{CE2FAFCD-9863-4FB0-95F2-F44F982B3117}.Debug|x86.Build.0 = Debug|Win32
		{CE2FAFCD-9863-4FB0-95F2-F44F982B3117}.Release|x64.ActiveCfg = Release|x64
		{CE2FAFCD-9863-4FB0-95F2-F44F982B3117}.Release|x64.Build.0 = Release|x64
		{CE2FAFCD-9863-4FB0-95F2-F44F982B3117}.Release|x86.ActiveCfg = Release|Win32
		{CE2FAFCD-9863-4FB0-95F2-F44F982B3117}.Release|x86.Build.0 = Release|Win32
		{D77D1848-9EF4-418E-AF32-300F8EB2B5A4}.Debug|x64.ActiveCfg = Debug|x64
		{D77D1848-9EF4-418E-AF32-300F8EB2B5A4}.Debug|x64.Build.0 = Debug|x64
		{D77D1848-9EF4-418E-AF32-300F8EB2B5A4}.Debug|x86.ActiveCfg = Debug|Win32
		{D77D1848-9EF4-418E-AF32-300F8EB2B5A4}.Debug|x86.Build.0 = Debug|Win32
		{D77D1848-9EF4-418E-AF32-300F8EB2B5A4}.Release|x64.ActiveCfg = Release|x64
		{D77D1848-9EF4-418E-AF32-300F8EB2B5A4}.Release|x64.Build.0 = Release|x64
		{D77D1848-9EF4-418E-AF32-300F8EB2B5A4}.Release|x86.ActiveCfg = Release|Win32
		{D77D1848-9EF4-418E-AF32-300F8EB2B5A4}.Release|x86.Build.0 = Release|Win32
		{26FD417B-A9B4-49C9-B9C7-E9243728B6F9}.Debug|x64.ActiveCfg = Debug|x64
		{26FD417B-A9B4-49C9-B9C7-E9243728B6F9}.Debug|x64.Build.0 = Debug|x64
		{26FD417B-A9B4-49C9-B9C7-E9243728B6F9}.Debug|x86.ActiveCfg = Debug|Win32
		{26FD417B-A9B4-49C9-B9C7-E9243728B6F9}.Debug|x86.Build.0 = Debug|Win32
		{26FD417B-A9B4-49C9-B9C7-E9243728B6F9}.Release|x64.ActiveCfg = Release|x64
		{26FD417B-A9B4-49C9-B9C7-E9243728B6F9}.Release|x64.Build.0 = Release|x64
		{26FD417B-A9B4-49C9-B9C7-E9243728B6F9}.Release|x86.ActiveCfg = Release|Win32
		{26FD417B-A9B4-49C9-B9C7-E9243728B6F9}.Release|x86.Build.0 = Release|Win32
		{FD99BE78-0469-4E77-BCA0-85BA8CEFC884}.Debug|x64.ActiveCfg = Debug|x64
		{FD99BE78-0469-4E77-BCA0-85BA8CEFC884}.Debug|x64.Build.0 = Debug|x64
		{FD99BE78-0469-4E77-BCA0-85BA8CEFC884}.Debug|x86.ActiveCfg = Debug|Win32
		{FD99BE78-0469-4E77-BCA0-85BA8CEFC884}.Debug|x86.Build.0 = Debug|Win32
		{FD99BE78-0469-4E77-BCA0-85BA8CEFC884}.Release|x64.ActiveCfg = Release|x64
		{FD99BE78-0469-4E77-BCA0-85BA8CEFC884}.Release|x64.Build.0 = Release|x64
		{FD99BE78-0469-4E77-BCA0-85BA8CEFC884}.Release|x86.ActiveCfg = Release|Win32
		{FD99BE78-0469-4E77-BCA0-85BA8CEFC884}.Release|x86.Build.0 = Release|Win32
		{F0F34FC7-1A2D-4F04-B07F-901106E7A27F}.Debug|x64.ActiveCfg = Debug|x64
		{F0F34FC7-1A2D-4F04-B07F-901106E7A27F}.Debug|x64.Build.0 = Debug|x64
		{F0F34FC7-1A2D-4F04-B07F-901106E7A27F}.Debug|x86.ActiveCfg = Debug|Win32
		{F0F34FC7-1A2D-4F04-B07F-901106E7A27F}.Debug|x86.Build.0 = Debug|Win32
		{F0F34FC7-1A2D-4F04-B07F-901106E7A27F}.Release|x64.ActiveCfg = Release|x64
		{F0F34FC7-1A2D-4F04-B07F-901106E7A27F}.Release|x64.Build.0 = Release|x64
		{F0F34FC7-1A2D-4F04-B07F-901106E7A27F}.Release|x86.ActiveCfg = Release|Win32
		{F0F34FC7-1A2D-4F04-B07F-901106E7A27F}.Release|x86.Build.0 = Release|Win32
		{6DAD8CA2-76FE-42F7-BE8E-DA6C1E4EBCD3}.Debug|x64.ActiveCfg = Debug|x64
		{6DAD8CA2-76FE-42F7-BE8E-DA6C1E4EBCD3}.Debug|x64.Build.0 = Debug|x64
		{6DAD8CA2-76FE-42F7-BE8E-DA6C1E4EBCD3}.Debug|x86.ActiveCfg = Debug|Win32
		{6DAD8CA2-76FE-42F7-BE8E-DA6C1E4EBCD3}.Debug|x86.Build.0 = Debug|Win32
		{6DAD8CA2-76FE-42F7-BE8E-DA6C1E4EBCD3}.Release|x64.ActiveCfg = Release|x64
		{6DAD8CA2-76FE-42F7-BE8E-DA6C1E4EBCD3}.Release|x64.Build.0 = Release|x64
		{6DAD8CA2-76FE-42F7-BE8E-DA6C1E4EBCD3}.Release|x86.ActiveCfg = Release|Win32
		{6DAD8CA2-76FE-42F7-BE8E-DA6C1E4EBCD3}.Release|x86.Build.0 = Release|Win32
	EndGlobalSection
	GlobalSection(SolutionProperties) = preSolution
		HideSolutionNode = FALSE
	EndGlobalSection
	GlobalSection(ExtensibilityGlobals) = postSolution
		SolutionGuid = {1B3B44FE-3801-470C-9B62-ED570FCD1F85}
	EndGlobalSection
EndGlobal
